
Microsoft Visual Studio Solution File, Format Version 12.00
# Visual Studio 15
VisualStudioVersion = 15.0.27428.2015
MinimumVisualStudioVersion = 10.0.40219.1
Project("{FAE04EC0-301F-11D3-BF4B-00C04F79EFBC}") = "CursoIT.Xamarin.Android", "CursoIT.Xamarin\CursoIT.Xamarin.Android\CursoIT.Xamarin.Android.csproj", "{26F112D8-D834-4D75-A57B-65CE6791EE68}"
EndProject
Project("{FAE04EC0-301F-11D3-BF4B-00C04F79EFBC}") = "CursoIT.Xamarin.iOS", "CursoIT.Xamarin\CursoIT.Xamarin.iOS\CursoIT.Xamarin.iOS.csproj", "{15B8233F-D753-4CD3-8D95-36D5509D2BE5}"
EndProject
Project("{FAE04EC0-301F-11D3-BF4B-00C04F79EFBC}") = "CursoIT.Xamarin.UWP", "CursoIT.Xamarin\CursoIT.Xamarin.UWP\CursoIT.Xamarin.UWP.csproj", "{C2C18C39-EC22-4A1E-9EC9-99EA08E41D4E}"
EndProject
Project("{9A19103F-16F7-4668-BE54-9A1E7A4F7556}") = "CursoIT.Xamarin", "CursoIT.Xamarin\CursoIT.Xamarin\CursoIT.Xamarin.csproj", "{25A4AC4A-1163-43EB-9F4F-AFDAB1631306}"
EndProject
Project("{FAE04EC0-301F-11D3-BF4B-00C04F79EFBC}") = "CursoIT.Xamarin.Logic", "CursoIT.Xamarin.Logic\CursoIT.Xamarin.Logic.csproj", "{B5433104-8C77-454F-8EE3-275EDC9BD747}"
EndProject
Global
	GlobalSection(SolutionConfigurationPlatforms) = preSolution
		Ad-Hoc|Any CPU = Ad-Hoc|Any CPU
		Ad-Hoc|ARM = Ad-Hoc|ARM
		Ad-Hoc|iPhone = Ad-Hoc|iPhone
		Ad-Hoc|iPhoneSimulator = Ad-Hoc|iPhoneSimulator
		Ad-Hoc|x64 = Ad-Hoc|x64
		Ad-Hoc|x86 = Ad-Hoc|x86
		AppStore|Any CPU = AppStore|Any CPU
		AppStore|ARM = AppStore|ARM
		AppStore|iPhone = AppStore|iPhone
		AppStore|iPhoneSimulator = AppStore|iPhoneSimulator
		AppStore|x64 = AppStore|x64
		AppStore|x86 = AppStore|x86
		Debug|Any CPU = Debug|Any CPU
		Debug|ARM = Debug|ARM
		Debug|iPhone = Debug|iPhone
		Debug|iPhoneSimulator = Debug|iPhoneSimulator
		Debug|x64 = Debug|x64
		Debug|x86 = Debug|x86
		Release|Any CPU = Release|Any CPU
		Release|ARM = Release|ARM
		Release|iPhone = Release|iPhone
		Release|iPhoneSimulator = Release|iPhoneSimulator
		Release|x64 = Release|x64
		Release|x86 = Release|x86
	EndGlobalSection
	GlobalSection(ProjectConfigurationPlatforms) = postSolution
		{26F112D8-D834-4D75-A57B-65CE6791EE68}.Ad-Hoc|Any CPU.ActiveCfg = Release|Any CPU
		{26F112D8-D834-4D75-A57B-65CE6791EE68}.Ad-Hoc|Any CPU.Build.0 = Release|Any CPU
		{26F112D8-D834-4D75-A57B-65CE6791EE68}.Ad-Hoc|Any CPU.Deploy.0 = Release|Any CPU
		{26F112D8-D834-4D75-A57B-65CE6791EE68}.Ad-Hoc|ARM.ActiveCfg = Release|Any CPU
		{26F112D8-D834-4D75-A57B-65CE6791EE68}.Ad-Hoc|ARM.Build.0 = Release|Any CPU
		{26F112D8-D834-4D75-A57B-65CE6791EE68}.Ad-Hoc|ARM.Deploy.0 = Release|Any CPU
		{26F112D8-D834-4D75-A57B-65CE6791EE68}.Ad-Hoc|iPhone.ActiveCfg = Release|Any CPU
		{26F112D8-D834-4D75-A57B-65CE6791EE68}.Ad-Hoc|iPhone.Build.0 = Release|Any CPU
		{26F112D8-D834-4D75-A57B-65CE6791EE68}.Ad-Hoc|iPhone.Deploy.0 = Release|Any CPU
		{26F112D8-D834-4D75-A57B-65CE6791EE68}.Ad-Hoc|iPhoneSimulator.ActiveCfg = Release|Any CPU
		{26F112D8-D834-4D75-A57B-65CE6791EE68}.Ad-Hoc|iPhoneSimulator.Build.0 = Release|Any CPU
		{26F112D8-D834-4D75-A57B-65CE6791EE68}.Ad-Hoc|iPhoneSimulator.Deploy.0 = Release|Any CPU
		{26F112D8-D834-4D75-A57B-65CE6791EE68}.Ad-Hoc|x64.ActiveCfg = Release|Any CPU
		{26F112D8-D834-4D75-A57B-65CE6791EE68}.Ad-Hoc|x64.Build.0 = Release|Any CPU
		{26F112D8-D834-4D75-A57B-65CE6791EE68}.Ad-Hoc|x64.Deploy.0 = Release|Any CPU
		{26F112D8-D834-4D75-A57B-65CE6791EE68}.Ad-Hoc|x86.ActiveCfg = Release|Any CPU
		{26F112D8-D834-4D75-A57B-65CE6791EE68}.Ad-Hoc|x86.Build.0 = Release|Any CPU
		{26F112D8-D834-4D75-A57B-65CE6791EE68}.Ad-Hoc|x86.Deploy.0 = Release|Any CPU
		{26F112D8-D834-4D75-A57B-65CE6791EE68}.AppStore|Any CPU.ActiveCfg = Release|Any CPU
		{26F112D8-D834-4D75-A57B-65CE6791EE68}.AppStore|Any CPU.Build.0 = Release|Any CPU
		{26F112D8-D834-4D75-A57B-65CE6791EE68}.AppStore|Any CPU.Deploy.0 = Release|Any CPU
		{26F112D8-D834-4D75-A57B-65CE6791EE68}.AppStore|ARM.ActiveCfg = Release|Any CPU
		{26F112D8-D834-4D75-A57B-65CE6791EE68}.AppStore|ARM.Build.0 = Release|Any CPU
		{26F112D8-D834-4D75-A57B-65CE6791EE68}.AppStore|ARM.Deploy.0 = Release|Any CPU
		{26F112D8-D834-4D75-A57B-65CE6791EE68}.AppStore|iPhone.ActiveCfg = Release|Any CPU
		{26F112D8-D834-4D75-A57B-65CE6791EE68}.AppStore|iPhone.Build.0 = Release|Any CPU
		{26F112D8-D834-4D75-A57B-65CE6791EE68}.AppStore|iPhone.Deploy.0 = Release|Any CPU
		{26F112D8-D834-4D75-A57B-65CE6791EE68}.AppStore|iPhoneSimulator.ActiveCfg = Release|Any CPU
		{26F112D8-D834-4D75-A57B-65CE6791EE68}.AppStore|iPhoneSimulator.Build.0 = Release|Any CPU
		{26F112D8-D834-4D75-A57B-65CE6791EE68}.AppStore|iPhoneSimulator.Deploy.0 = Release|Any CPU
		{26F112D8-D834-4D75-A57B-65CE6791EE68}.AppStore|x64.ActiveCfg = Release|Any CPU
		{26F112D8-D834-4D75-A57B-65CE6791EE68}.AppStore|x64.Build.0 = Release|Any CPU
		{26F112D8-D834-4D75-A57B-65CE6791EE68}.AppStore|x64.Deploy.0 = Release|Any CPU
		{26F112D8-D834-4D75-A57B-65CE6791EE68}.AppStore|x86.ActiveCfg = Release|Any CPU
		{26F112D8-D834-4D75-A57B-65CE6791EE68}.AppStore|x86.Build.0 = Release|Any CPU
		{26F112D8-D834-4D75-A57B-65CE6791EE68}.AppStore|x86.Deploy.0 = Release|Any CPU
		{26F112D8-D834-4D75-A57B-65CE6791EE68}.Debug|Any CPU.ActiveCfg = Debug|Any CPU
		{26F112D8-D834-4D75-A57B-65CE6791EE68}.Debug|Any CPU.Build.0 = Debug|Any CPU
		{26F112D8-D834-4D75-A57B-65CE6791EE68}.Debug|Any CPU.Deploy.0 = Debug|Any CPU
		{26F112D8-D834-4D75-A57B-65CE6791EE68}.Debug|ARM.ActiveCfg = Debug|Any CPU
		{26F112D8-D834-4D75-A57B-65CE6791EE68}.Debug|ARM.Build.0 = Debug|Any CPU
		{26F112D8-D834-4D75-A57B-65CE6791EE68}.Debug|ARM.Deploy.0 = Debug|Any CPU
		{26F112D8-D834-4D75-A57B-65CE6791EE68}.Debug|iPhone.ActiveCfg = Debug|Any CPU
		{26F112D8-D834-4D75-A57B-65CE6791EE68}.Debug|iPhone.Build.0 = Debug|Any CPU
		{26F112D8-D834-4D75-A57B-65CE6791EE68}.Debug|iPhone.Deploy.0 = Debug|Any CPU
		{26F112D8-D834-4D75-A57B-65CE6791EE68}.Debug|iPhoneSimulator.ActiveCfg = Debug|Any CPU
		{26F112D8-D834-4D75-A57B-65CE6791EE68}.Debug|iPhoneSimulator.Build.0 = Debug|Any CPU
		{26F112D8-D834-4D75-A57B-65CE6791EE68}.Debug|iPhoneSimulator.Deploy.0 = Debug|Any CPU
		{26F112D8-D834-4D75-A57B-65CE6791EE68}.Debug|x64.ActiveCfg = Debug|Any CPU
		{26F112D8-D834-4D75-A57B-65CE6791EE68}.Debug|x64.Build.0 = Debug|Any CPU
		{26F112D8-D834-4D75-A57B-65CE6791EE68}.Debug|x64.Deploy.0 = Debug|Any CPU
		{26F112D8-D834-4D75-A57B-65CE6791EE68}.Debug|x86.ActiveCfg = Debug|Any CPU
		{26F112D8-D834-4D75-A57B-65CE6791EE68}.Debug|x86.Build.0 = Debug|Any CPU
		{26F112D8-D834-4D75-A57B-65CE6791EE68}.Debug|x86.Deploy.0 = Debug|Any CPU
		{26F112D8-D834-4D75-A57B-65CE6791EE68}.Release|Any CPU.ActiveCfg = Release|Any CPU
		{26F112D8-D834-4D75-A57B-65CE6791EE68}.Release|Any CPU.Build.0 = Release|Any CPU
		{26F112D8-D834-4D75-A57B-65CE6791EE68}.Release|Any CPU.Deploy.0 = Release|Any CPU
		{26F112D8-D834-4D75-A57B-65CE6791EE68}.Release|ARM.ActiveCfg = Release|Any CPU
		{26F112D8-D834-4D75-A57B-65CE6791EE68}.Release|ARM.Build.0 = Release|Any CPU
		{26F112D8-D834-4D75-A57B-65CE6791EE68}.Release|ARM.Deploy.0 = Release|Any CPU
		{26F112D8-D834-4D75-A57B-65CE6791EE68}.Release|iPhone.ActiveCfg = Release|Any CPU
		{26F112D8-D834-4D75-A57B-65CE6791EE68}.Release|iPhone.Build.0 = Release|Any CPU
		{26F112D8-D834-4D75-A57B-65CE6791EE68}.Release|iPhone.Deploy.0 = Release|Any CPU
		{26F112D8-D834-4D75-A57B-65CE6791EE68}.Release|iPhoneSimulator.ActiveCfg = Release|Any CPU
		{26F112D8-D834-4D75-A57B-65CE6791EE68}.Release|iPhoneSimulator.Build.0 = Release|Any CPU
		{26F112D8-D834-4D75-A57B-65CE6791EE68}.Release|iPhoneSimulator.Deploy.0 = Release|Any CPU
		{26F112D8-D834-4D75-A57B-65CE6791EE68}.Release|x64.ActiveCfg = Release|Any CPU
		{26F112D8-D834-4D75-A57B-65CE6791EE68}.Release|x64.Build.0 = Release|Any CPU
		{26F112D8-D834-4D75-A57B-65CE6791EE68}.Release|x64.Deploy.0 = Release|Any CPU
		{26F112D8-D834-4D75-A57B-65CE6791EE68}.Release|x86.ActiveCfg = Release|Any CPU
		{26F112D8-D834-4D75-A57B-65CE6791EE68}.Release|x86.Build.0 = Release|Any CPU
		{26F112D8-D834-4D75-A57B-65CE6791EE68}.Release|x86.Deploy.0 = Release|Any CPU
		{15B8233F-D753-4CD3-8D95-36D5509D2BE5}.Ad-Hoc|Any CPU.ActiveCfg = Ad-Hoc|iPhone
		{15B8233F-D753-4CD3-8D95-36D5509D2BE5}.Ad-Hoc|ARM.ActiveCfg = Ad-Hoc|iPhone
		{15B8233F-D753-4CD3-8D95-36D5509D2BE5}.Ad-Hoc|iPhone.ActiveCfg = Ad-Hoc|iPhone
		{15B8233F-D753-4CD3-8D95-36D5509D2BE5}.Ad-Hoc|iPhone.Build.0 = Ad-Hoc|iPhone
		{15B8233F-D753-4CD3-8D95-36D5509D2BE5}.Ad-Hoc|iPhoneSimulator.ActiveCfg = Ad-Hoc|iPhoneSimulator
		{15B8233F-D753-4CD3-8D95-36D5509D2BE5}.Ad-Hoc|iPhoneSimulator.Build.0 = Ad-Hoc|iPhoneSimulator
		{15B8233F-D753-4CD3-8D95-36D5509D2BE5}.Ad-Hoc|x64.ActiveCfg = Ad-Hoc|iPhone
		{15B8233F-D753-4CD3-8D95-36D5509D2BE5}.Ad-Hoc|x86.ActiveCfg = Ad-Hoc|iPhone
		{15B8233F-D753-4CD3-8D95-36D5509D2BE5}.AppStore|Any CPU.ActiveCfg = AppStore|iPhone
		{15B8233F-D753-4CD3-8D95-36D5509D2BE5}.AppStore|ARM.ActiveCfg = AppStore|iPhone
		{15B8233F-D753-4CD3-8D95-36D5509D2BE5}.AppStore|iPhone.ActiveCfg = AppStore|iPhone
		{15B8233F-D753-4CD3-8D95-36D5509D2BE5}.AppStore|iPhone.Build.0 = AppStore|iPhone
		{15B8233F-D753-4CD3-8D95-36D5509D2BE5}.AppStore|iPhoneSimulator.ActiveCfg = AppStore|iPhoneSimulator
		{15B8233F-D753-4CD3-8D95-36D5509D2BE5}.AppStore|iPhoneSimulator.Build.0 = AppStore|iPhoneSimulator
		{15B8233F-D753-4CD3-8D95-36D5509D2BE5}.AppStore|x64.ActiveCfg = AppStore|iPhone
		{15B8233F-D753-4CD3-8D95-36D5509D2BE5}.AppStore|x86.ActiveCfg = AppStore|iPhone
		{15B8233F-D753-4CD3-8D95-36D5509D2BE5}.Debug|Any CPU.ActiveCfg = Debug|iPhone
		{15B8233F-D753-4CD3-8D95-36D5509D2BE5}.Debug|ARM.ActiveCfg = Debug|iPhone
		{15B8233F-D753-4CD3-8D95-36D5509D2BE5}.Debug|iPhone.ActiveCfg = Debug|iPhone
		{15B8233F-D753-4CD3-8D95-36D5509D2BE5}.Debug|iPhone.Build.0 = Debug|iPhone
		{15B8233F-D753-4CD3-8D95-36D5509D2BE5}.Debug|iPhoneSimulator.ActiveCfg = Debug|iPhoneSimulator
		{15B8233F-D753-4CD3-8D95-36D5509D2BE5}.Debug|iPhoneSimulator.Build.0 = Debug|iPhoneSimulator
		{15B8233F-D753-4CD3-8D95-36D5509D2BE5}.Debug|x64.ActiveCfg = Debug|iPhone
		{15B8233F-D753-4CD3-8D95-36D5509D2BE5}.Debug|x86.ActiveCfg = Debug|iPhone
		{15B8233F-D753-4CD3-8D95-36D5509D2BE5}.Release|Any CPU.ActiveCfg = Release|iPhone
		{15B8233F-D753-4CD3-8D95-36D5509D2BE5}.Release|ARM.ActiveCfg = Release|iPhone
		{15B8233F-D753-4CD3-8D95-36D5509D2BE5}.Release|iPhone.ActiveCfg = Release|iPhone
		{15B8233F-D753-4CD3-8D95-36D5509D2BE5}.Release|iPhone.Build.0 = Release|iPhone
		{15B8233F-D753-4CD3-8D95-36D5509D2BE5}.Release|iPhoneSimulator.ActiveCfg = Release|iPhoneSimulator
		{15B8233F-D753-4CD3-8D95-36D5509D2BE5}.Release|iPhoneSimulator.Build.0 = Release|iPhoneSimulator
		{15B8233F-D753-4CD3-8D95-36D5509D2BE5}.Release|x64.ActiveCfg = Release|iPhone
		{15B8233F-D753-4CD3-8D95-36D5509D2BE5}.Release|x86.ActiveCfg = Release|iPhone
		{C2C18C39-EC22-4A1E-9EC9-99EA08E41D4E}.Ad-Hoc|Any CPU.ActiveCfg = Release|x86
		{C2C18C39-EC22-4A1E-9EC9-99EA08E41D4E}.Ad-Hoc|Any CPU.Build.0 = Release|x86
		{C2C18C39-EC22-4A1E-9EC9-99EA08E41D4E}.Ad-Hoc|Any CPU.Deploy.0 = Release|x86
		{C2C18C39-EC22-4A1E-9EC9-99EA08E41D4E}.Ad-Hoc|ARM.ActiveCfg = Release|ARM
		{C2C18C39-EC22-4A1E-9EC9-99EA08E41D4E}.Ad-Hoc|ARM.Build.0 = Release|ARM
		{C2C18C39-EC22-4A1E-9EC9-99EA08E41D4E}.Ad-Hoc|ARM.Deploy.0 = Release|ARM
		{C2C18C39-EC22-4A1E-9EC9-99EA08E41D4E}.Ad-Hoc|iPhone.ActiveCfg = Release|x86
		{C2C18C39-EC22-4A1E-9EC9-99EA08E41D4E}.Ad-Hoc|iPhone.Build.0 = Release|x86
		{C2C18C39-EC22-4A1E-9EC9-99EA08E41D4E}.Ad-Hoc|iPhone.Deploy.0 = Release|x86
		{C2C18C39-EC22-4A1E-9EC9-99EA08E41D4E}.Ad-Hoc|iPhoneSimulator.ActiveCfg = Release|x86
		{C2C18C39-EC22-4A1E-9EC9-99EA08E41D4E}.Ad-Hoc|iPhoneSimulator.Build.0 = Release|x86
		{C2C18C39-EC22-4A1E-9EC9-99EA08E41D4E}.Ad-Hoc|iPhoneSimulator.Deploy.0 = Release|x86
		{C2C18C39-EC22-4A1E-9EC9-99EA08E41D4E}.Ad-Hoc|x64.ActiveCfg = Release|x64
		{C2C18C39-EC22-4A1E-9EC9-99EA08E41D4E}.Ad-Hoc|x64.Build.0 = Release|x64
		{C2C18C39-EC22-4A1E-9EC9-99EA08E41D4E}.Ad-Hoc|x64.Deploy.0 = Release|x64
		{C2C18C39-EC22-4A1E-9EC9-99EA08E41D4E}.Ad-Hoc|x86.ActiveCfg = Release|x86
		{C2C18C39-EC22-4A1E-9EC9-99EA08E41D4E}.Ad-Hoc|x86.Build.0 = Release|x86
		{C2C18C39-EC22-4A1E-9EC9-99EA08E41D4E}.Ad-Hoc|x86.Deploy.0 = Release|x86
		{C2C18C39-EC22-4A1E-9EC9-99EA08E41D4E}.AppStore|Any CPU.ActiveCfg = Release|x86
		{C2C18C39-EC22-4A1E-9EC9-99EA08E41D4E}.AppStore|Any CPU.Build.0 = Release|x86
		{C2C18C39-EC22-4A1E-9EC9-99EA08E41D4E}.AppStore|Any CPU.Deploy.0 = Release|x86
		{C2C18C39-EC22-4A1E-9EC9-99EA08E41D4E}.AppStore|ARM.ActiveCfg = Release|ARM
		{C2C18C39-EC22-4A1E-9EC9-99EA08E41D4E}.AppStore|ARM.Build.0 = Release|ARM
		{C2C18C39-EC22-4A1E-9EC9-99EA08E41D4E}.AppStore|ARM.Deploy.0 = Release|ARM
		{C2C18C39-EC22-4A1E-9EC9-99EA08E41D4E}.AppStore|iPhone.ActiveCfg = Release|x86
		{C2C18C39-EC22-4A1E-9EC9-99EA08E41D4E}.AppStore|iPhone.Build.0 = Release|x86
		{C2C18C39-EC22-4A1E-9EC9-99EA08E41D4E}.AppStore|iPhone.Deploy.0 = Release|x86
		{C2C18C39-EC22-4A1E-9EC9-99EA08E41D4E}.AppStore|iPhoneSimulator.ActiveCfg = Release|x86
		{C2C18C39-EC22-4A1E-9EC9-99EA08E41D4E}.AppStore|iPhoneSimulator.Build.0 = Release|x86
		{C2C18C39-EC22-4A1E-9EC9-99EA08E41D4E}.AppStore|iPhoneSimulator.Deploy.0 = Release|x86
		{C2C18C39-EC22-4A1E-9EC9-99EA08E41D4E}.AppStore|x64.ActiveCfg = Release|x64
		{C2C18C39-EC22-4A1E-9EC9-99EA08E41D4E}.AppStore|x64.Build.0 = Release|x64
		{C2C18C39-EC22-4A1E-9EC9-99EA08E41D4E}.AppStore|x64.Deploy.0 = Release|x64
		{C2C18C39-EC22-4A1E-9EC9-99EA08E41D4E}.AppStore|x86.ActiveCfg = Release|x86
		{C2C18C39-EC22-4A1E-9EC9-99EA08E41D4E}.AppStore|x86.Build.0 = Release|x86
		{C2C18C39-EC22-4A1E-9EC9-99EA08E41D4E}.AppStore|x86.Deploy.0 = Release|x86
		{C2C18C39-EC22-4A1E-9EC9-99EA08E41D4E}.Debug|Any CPU.ActiveCfg = Debug|x86
		{C2C18C39-EC22-4A1E-9EC9-99EA08E41D4E}.Debug|ARM.ActiveCfg = Debug|ARM
		{C2C18C39-EC22-4A1E-9EC9-99EA08E41D4E}.Debug|ARM.Build.0 = Debug|ARM
		{C2C18C39-EC22-4A1E-9EC9-99EA08E41D4E}.Debug|ARM.Deploy.0 = Debug|ARM
		{C2C18C39-EC22-4A1E-9EC9-99EA08E41D4E}.Debug|iPhone.ActiveCfg = Debug|x86
		{C2C18C39-EC22-4A1E-9EC9-99EA08E41D4E}.Debug|iPhoneSimulator.ActiveCfg = Debug|x86
		{C2C18C39-EC22-4A1E-9EC9-99EA08E41D4E}.Debug|x64.ActiveCfg = Debug|x64
		{C2C18C39-EC22-4A1E-9EC9-99EA08E41D4E}.Debug|x64.Build.0 = Debug|x64
		{C2C18C39-EC22-4A1E-9EC9-99EA08E41D4E}.Debug|x64.Deploy.0 = Debug|x64
		{C2C18C39-EC22-4A1E-9EC9-99EA08E41D4E}.Debug|x86.ActiveCfg = Debug|x86
		{C2C18C39-EC22-4A1E-9EC9-99EA08E41D4E}.Debug|x86.Build.0 = Debug|x86
		{C2C18C39-EC22-4A1E-9EC9-99EA08E41D4E}.Debug|x86.Deploy.0 = Debug|x86
		{C2C18C39-EC22-4A1E-9EC9-99EA08E41D4E}.Release|Any CPU.ActiveCfg = Release|x86
		{C2C18C39-EC22-4A1E-9EC9-99EA08E41D4E}.Release|ARM.ActiveCfg = Release|ARM
		{C2C18C39-EC22-4A1E-9EC9-99EA08E41D4E}.Release|ARM.Build.0 = Release|ARM
		{C2C18C39-EC22-4A1E-9EC9-99EA08E41D4E}.Release|ARM.Deploy.0 = Release|ARM
		{C2C18C39-EC22-4A1E-9EC9-99EA08E41D4E}.Release|iPhone.ActiveCfg = Release|x86
		{C2C18C39-EC22-4A1E-9EC9-99EA08E41D4E}.Release|iPhoneSimulator.ActiveCfg = Release|x86
		{C2C18C39-EC22-4A1E-9EC9-99EA08E41D4E}.Release|x64.ActiveCfg = Release|x64
		{C2C18C39-EC22-4A1E-9EC9-99EA08E41D4E}.Release|x64.Build.0 = Release|x64
		{C2C18C39-EC22-4A1E-9EC9-99EA08E41D4E}.Release|x64.Deploy.0 = Release|x64
		{C2C18C39-EC22-4A1E-9EC9-99EA08E41D4E}.Release|x86.ActiveCfg = Release|x86
		{C2C18C39-EC22-4A1E-9EC9-99EA08E41D4E}.Release|x86.Build.0 = Release|x86
		{C2C18C39-EC22-4A1E-9EC9-99EA08E41D4E}.Release|x86.Deploy.0 = Release|x86
		{25A4AC4A-1163-43EB-9F4F-AFDAB1631306}.Ad-Hoc|Any CPU.ActiveCfg = Debug|Any CPU
		{25A4AC4A-1163-43EB-9F4F-AFDAB1631306}.Ad-Hoc|Any CPU.Build.0 = Debug|Any CPU
		{25A4AC4A-1163-43EB-9F4F-AFDAB1631306}.Ad-Hoc|ARM.ActiveCfg = Debug|Any CPU
		{25A4AC4A-1163-43EB-9F4F-AFDAB1631306}.Ad-Hoc|ARM.Build.0 = Debug|Any CPU
		{25A4AC4A-1163-43EB-9F4F-AFDAB1631306}.Ad-Hoc|iPhone.ActiveCfg = Debug|Any CPU
		{25A4AC4A-1163-43EB-9F4F-AFDAB1631306}.Ad-Hoc|iPhone.Build.0 = Debug|Any CPU
		{25A4AC4A-1163-43EB-9F4F-AFDAB1631306}.Ad-Hoc|iPhoneSimulator.ActiveCfg = Debug|Any CPU
		{25A4AC4A-1163-43EB-9F4F-AFDAB1631306}.Ad-Hoc|iPhoneSimulator.Build.0 = Debug|Any CPU
		{25A4AC4A-1163-43EB-9F4F-AFDAB1631306}.Ad-Hoc|x64.ActiveCfg = Debug|Any CPU
		{25A4AC4A-1163-43EB-9F4F-AFDAB1631306}.Ad-Hoc|x64.Build.0 = Debug|Any CPU
		{25A4AC4A-1163-43EB-9F4F-AFDAB1631306}.Ad-Hoc|x86.ActiveCfg = Debug|Any CPU
		{25A4AC4A-1163-43EB-9F4F-AFDAB1631306}.Ad-Hoc|x86.Build.0 = Debug|Any CPU
		{25A4AC4A-1163-43EB-9F4F-AFDAB1631306}.AppStore|Any CPU.ActiveCfg = Debug|Any CPU
		{25A4AC4A-1163-43EB-9F4F-AFDAB1631306}.AppStore|Any CPU.Build.0 = Debug|Any CPU
		{25A4AC4A-1163-43EB-9F4F-AFDAB1631306}.AppStore|ARM.ActiveCfg = Debug|Any CPU
		{25A4AC4A-1163-43EB-9F4F-AFDAB1631306}.AppStore|ARM.Build.0 = Debug|Any CPU
		{25A4AC4A-1163-43EB-9F4F-AFDAB1631306}.AppStore|iPhone.ActiveCfg = Debug|Any CPU
		{25A4AC4A-1163-43EB-9F4F-AFDAB1631306}.AppStore|iPhone.Build.0 = Debug|Any CPU
		{25A4AC4A-1163-43EB-9F4F-AFDAB1631306}.AppStore|iPhoneSimulator.ActiveCfg = Debug|Any CPU
		{25A4AC4A-1163-43EB-9F4F-AFDAB1631306}.AppStore|iPhoneSimulator.Build.0 = Debug|Any CPU
		{25A4AC4A-1163-43EB-9F4F-AFDAB1631306}.AppStore|x64.ActiveCfg = Debug|Any CPU
		{25A4AC4A-1163-43EB-9F4F-AFDAB1631306}.AppStore|x64.Build.0 = Debug|Any CPU
		{25A4AC4A-1163-43EB-9F4F-AFDAB1631306}.AppStore|x86.ActiveCfg = Debug|Any CPU
		{25A4AC4A-1163-43EB-9F4F-AFDAB1631306}.AppStore|x86.Build.0 = Debug|Any CPU
		{25A4AC4A-1163-43EB-9F4F-AFDAB1631306}.Debug|Any CPU.ActiveCfg = Debug|Any CPU
		{25A4AC4A-1163-43EB-9F4F-AFDAB1631306}.Debug|Any CPU.Build.0 = Debug|Any CPU
		{25A4AC4A-1163-43EB-9F4F-AFDAB1631306}.Debug|ARM.ActiveCfg = Debug|Any CPU
		{25A4AC4A-1163-43EB-9F4F-AFDAB1631306}.Debug|ARM.Build.0 = Debug|Any CPU
		{25A4AC4A-1163-43EB-9F4F-AFDAB1631306}.Debug|iPhone.ActiveCfg = Debug|Any CPU
		{25A4AC4A-1163-43EB-9F4F-AFDAB1631306}.Debug|iPhone.Build.0 = Debug|Any CPU
		{25A4AC4A-1163-43EB-9F4F-AFDAB1631306}.Debug|iPhoneSimulator.ActiveCfg = Debug|Any CPU
		{25A4AC4A-1163-43EB-9F4F-AFDAB1631306}.Debug|iPhoneSimulator.Build.0 = Debug|Any CPU
		{25A4AC4A-1163-43EB-9F4F-AFDAB1631306}.Debug|x64.ActiveCfg = Debug|Any CPU
		{25A4AC4A-1163-43EB-9F4F-AFDAB1631306}.Debug|x64.Build.0 = Debug|Any CPU
		{25A4AC4A-1163-43EB-9F4F-AFDAB1631306}.Debug|x86.ActiveCfg = Debug|Any CPU
		{25A4AC4A-1163-43EB-9F4F-AFDAB1631306}.Debug|x86.Build.0 = Debug|Any CPU
		{25A4AC4A-1163-43EB-9F4F-AFDAB1631306}.Release|Any CPU.ActiveCfg = Release|Any CPU
		{25A4AC4A-1163-43EB-9F4F-AFDAB1631306}.Release|Any CPU.Build.0 = Release|Any CPU
		{25A4AC4A-1163-43EB-9F4F-AFDAB1631306}.Release|ARM.ActiveCfg = Release|Any CPU
		{25A4AC4A-1163-43EB-9F4F-AFDAB1631306}.Release|ARM.Build.0 = Release|Any CPU
		{25A4AC4A-1163-43EB-9F4F-AFDAB1631306}.Release|iPhone.ActiveCfg = Release|Any CPU
		{25A4AC4A-1163-43EB-9F4F-AFDAB1631306}.Release|iPhone.Build.0 = Release|Any CPU
		{25A4AC4A-1163-43EB-9F4F-AFDAB1631306}.Release|iPhoneSimulator.ActiveCfg = Release|Any CPU
		{25A4AC4A-1163-43EB-9F4F-AFDAB1631306}.Release|iPhoneSimulator.Build.0 = Release|Any CPU
		{25A4AC4A-1163-43EB-9F4F-AFDAB1631306}.Release|x64.ActiveCfg = Release|Any CPU
		{25A4AC4A-1163-43EB-9F4F-AFDAB1631306}.Release|x64.Build.0 = Release|Any CPU
		{25A4AC4A-1163-43EB-9F4F-AFDAB1631306}.Release|x86.ActiveCfg = Release|Any CPU
		{25A4AC4A-1163-43EB-9F4F-AFDAB1631306}.Release|x86.Build.0 = Release|Any CPU
		{B5433104-8C77-454F-8EE3-275EDC9BD747}.Ad-Hoc|Any CPU.ActiveCfg = Debug|Any CPU
		{B5433104-8C77-454F-8EE3-275EDC9BD747}.Ad-Hoc|Any CPU.Build.0 = Debug|Any CPU
		{B5433104-8C77-454F-8EE3-275EDC9BD747}.Ad-Hoc|ARM.ActiveCfg = Debug|Any CPU
		{B5433104-8C77-454F-8EE3-275EDC9BD747}.Ad-Hoc|ARM.Build.0 = Debug|Any CPU
		{B5433104-8C77-454F-8EE3-275EDC9BD747}.Ad-Hoc|iPhone.ActiveCfg = Debug|Any CPU
		{B5433104-8C77-454F-8EE3-275EDC9BD747}.Ad-Hoc|iPhone.Build.0 = Debug|Any CPU
		{B5433104-8C77-454F-8EE3-275EDC9BD747}.Ad-Hoc|iPhoneSimulator.ActiveCfg = Debug|Any CPU
		{B5433104-8C77-454F-8EE3-275EDC9BD747}.Ad-Hoc|iPhoneSimulator.Build.0 = Debug|Any CPU
		{B5433104-8C77-454F-8EE3-275EDC9BD747}.Ad-Hoc|x64.ActiveCfg = Debug|Any CPU
		{B5433104-8C77-454F-8EE3-275EDC9BD747}.Ad-Hoc|x64.Build.0 = Debug|Any CPU
		{B5433104-8C77-454F-8EE3-275EDC9BD747}.Ad-Hoc|x86.ActiveCfg = Debug|Any CPU
		{B5433104-8C77-454F-8EE3-275EDC9BD747}.Ad-Hoc|x86.Build.0 = Debug|Any CPU
		{B5433104-8C77-454F-8EE3-275EDC9BD747}.AppStore|Any CPU.ActiveCfg = Debug|Any CPU
		{B5433104-8C77-454F-8EE3-275EDC9BD747}.AppStore|Any CPU.Build.0 = Debug|Any CPU
		{B5433104-8C77-454F-8EE3-275EDC9BD747}.AppStore|ARM.ActiveCfg = Debug|Any CPU
		{B5433104-8C77-454F-8EE3-275EDC9BD747}.AppStore|ARM.Build.0 = Debug|Any CPU
		{B5433104-8C77-454F-8EE3-275EDC9BD747}.AppStore|iPhone.ActiveCfg = Debug|Any CPU
		{B5433104-8C77-454F-8EE3-275EDC9BD747}.AppStore|iPhone.Build.0 = Debug|Any CPU
		{B5433104-8C77-454F-8EE3-275EDC9BD747}.AppStore|iPhoneSimulator.ActiveCfg = Debug|Any CPU
		{B5433104-8C77-454F-8EE3-275EDC9BD747}.AppStore|iPhoneSimulator.Build.0 = Debug|Any CPU
		{B5433104-8C77-454F-8EE3-275EDC9BD747}.AppStore|x64.ActiveCfg = Debug|Any CPU
		{B5433104-8C77-454F-8EE3-275EDC9BD747}.AppStore|x64.Build.0 = Debug|Any CPU
		{B5433104-8C77-454F-8EE3-275EDC9BD747}.AppStore|x86.ActiveCfg = Debug|Any CPU
		{B5433104-8C77-454F-8EE3-275EDC9BD747}.AppStore|x86.Build.0 = Debug|Any CPU
		{B5433104-8C77-454F-8EE3-275EDC9BD747}.Debug|Any CPU.ActiveCfg = Debug|Any CPU
		{B5433104-8C77-454F-8EE3-275EDC9BD747}.Debug|Any CPU.Build.0 = Debug|Any CPU
		{B5433104-8C77-454F-8EE3-275EDC9BD747}.Debug|ARM.ActiveCfg = Debug|Any CPU
		{B5433104-8C77-454F-8EE3-275EDC9BD747}.Debug|ARM.Build.0 = Debug|Any CPU
		{B5433104-8C77-454F-8EE3-275EDC9BD747}.Debug|iPhone.ActiveCfg = Debug|Any CPU
		{B5433104-8C77-454F-8EE3-275EDC9BD747}.Debug|iPhone.Build.0 = Debug|Any CPU
		{B5433104-8C77-454F-8EE3-275EDC9BD747}.Debug|iPhoneSimulator.ActiveCfg = Debug|Any CPU
		{B5433104-8C77-454F-8EE3-275EDC9BD747}.Debug|iPhoneSimulator.Build.0 = Debug|Any CPU
		{B5433104-8C77-454F-8EE3-275EDC9BD747}.Debug|x64.ActiveCfg = Debug|Any CPU
		{B5433104-8C77-454F-8EE3-275EDC9BD747}.Debug|x64.Build.0 = Debug|Any CPU
		{B5433104-8C77-454F-8EE3-275EDC9BD747}.Debug|x86.ActiveCfg = Debug|Any CPU
		{B5433104-8C77-454F-8EE3-275EDC9BD747}.Debug|x86.Build.0 = Debug|Any CPU
		{B5433104-8C77-454F-8EE3-275EDC9BD747}.Release|Any CPU.ActiveCfg = Release|Any CPU
		{B5433104-8C77-454F-8EE3-275EDC9BD747}.Release|Any CPU.Build.0 = Release|Any CPU
		{B5433104-8C77-454F-8EE3-275EDC9BD747}.Release|ARM.ActiveCfg = Release|Any CPU
		{B5433104-8C77-454F-8EE3-275EDC9BD747}.Release|ARM.Build.0 = Release|Any CPU
		{B5433104-8C77-454F-8EE3-275EDC9BD747}.Release|iPhone.ActiveCfg = Release|Any CPU
		{B5433104-8C77-454F-8EE3-275EDC9BD747}.Release|iPhone.Build.0 = Release|Any CPU
		{B5433104-8C77-454F-8EE3-275EDC9BD747}.Release|iPhoneSimulator.ActiveCfg = Release|Any CPU
		{B5433104-8C77-454F-8EE3-275EDC9BD747}.Release|iPhoneSimulator.Build.0 = Release|Any CPU
		{B5433104-8C77-454F-8EE3-275EDC9BD747}.Release|x64.ActiveCfg = Release|Any CPU
		{B5433104-8C77-454F-8EE3-275EDC9BD747}.Release|x64.Build.0 = Release|Any CPU
		{B5433104-8C77-454F-8EE3-275EDC9BD747}.Release|x86.ActiveCfg = Release|Any CPU
		{B5433104-8C77-454F-8EE3-275EDC9BD747}.Release|x86.Build.0 = Release|Any CPU
	EndGlobalSection
	GlobalSection(SolutionProperties) = preSolution
		HideSolutionNode = FALSE
	EndGlobalSection
	GlobalSection(ExtensibilityGlobals) = postSolution
		SolutionGuid = {F6EADD9D-04A6-42D5-B10C-30BBEA4ECF89}
	EndGlobalSection
EndGlobal
