
Microsoft Visual Studio Solution File, Format Version 12.00
# Visual Studio 15
VisualStudioVersion = 15.0.27428.2015
MinimumVisualStudioVersion = 10.0.40219.1
Project("{FAE04EC0-301F-11D3-BF4B-00C04F79EFBC}") = "CursoIT.Api", "CursoIT.Api\CursoIT.Api.csproj", "{2D350283-AE3C-44BD-961C-8F14CD7F9882}"
EndProject
Global
	GlobalSection(SolutionConfigurationPlatforms) = preSolution
		Debug|Any CPU = Debug|Any CPU
		Release|Any CPU = Release|Any CPU
	EndGlobalSection
	GlobalSection(ProjectConfigurationPlatforms) = postSolution
		{2D350283-AE3C-44BD-961C-8F14CD7F9882}.Debug|Any CPU.ActiveCfg = Debug|Any CPU
		{2D350283-AE3C-44BD-961C-8F14CD7F9882}.Debug|Any CPU.Build.0 = Debug|Any CPU
		{2D350283-AE3C-44BD-961C-8F14CD7F9882}.Release|Any CPU.ActiveCfg = Release|Any CPU
		{2D350283-AE3C-44BD-961C-8F14CD7F9882}.Release|Any CPU.Build.0 = Release|Any CPU
	EndGlobalSection
	GlobalSection(SolutionProperties) = preSolution
		HideSolutionNode = FALSE
	EndGlobalSection
	GlobalSection(ExtensibilityGlobals) = postSolution
		SolutionGuid = {374DD913-CED2-46E8-ADD9-AB30DE7A2D9D}
	EndGlobalSection
EndGlobal
